
Microsoft Visual Studio Solution File, Format Version 12.00
# Visual Studio Version 17
VisualStudioVersion = 17.13.35806.99
MinimumVisualStudioVersion = 10.0.40219.1
Project("{FAE04EC0-301F-11D3-BF4B-00C04F79EFBC}") = "Task07.ReplaceLines", "Task07.ReplaceLines\Task07.ReplaceLines.csproj", "{84736783-5487-4249-B7F7-F402AAB375F4}"
EndProject
Project("{FAE04EC0-301F-11D3-BF4B-00C04F79EFBC}") = "Task08.OldAPI", "Task08.OldAPI\Task08.OldAPI.csproj", "{0BD5A280-02E1-42E3-AC04-6C95FD54A382}"
EndProject
Project("{FAE04EC0-301F-11D3-BF4B-00C04F79EFBC}") = "Task08.Parallel", "Task08.Parallel\Task08.Parallel.csproj", "{3F915A9B-CD6A-488E-A357-5F1E26523F0F}"
EndProject
Project("{FAE04EC0-301F-11D3-BF4B-00C04F79EFBC}") = "Task09.InCurrentThread", "Task09.InCurrentThread\Task09.InCurrentThread.csproj", "{3BD8D27E-3E94-4EAD-AFD0-D41E193A38B8}"
EndProject
Project("{FAE04EC0-301F-11D3-BF4B-00C04F79EFBC}") = "Task10.ConfigureAwait", "Task10.ConfigureAwait\Task10.ConfigureAwait.csproj", "{6A6512C3-CDDA-4314-A500-509375DA9A1B}"
EndProject
Project("{FAE04EC0-301F-11D3-BF4B-00C04F79EFBC}") = "Task11.BoolAwait", "Task11.BoolAwait\Task11.BoolAwait.csproj", "{4B574801-8232-4A39-9A81-3A43E2493202}"
EndProject
Project("{FAE04EC0-301F-11D3-BF4B-00C04F79EFBC}") = "Task12.CustomAwaiter", "Task12.CustomAwaiter\Task12.CustomAwaiter.csproj", "{3ABFDB9E-868A-45B1-BDFF-F0F2BA554BE2}"
EndProject
Project("{FAE04EC0-301F-11D3-BF4B-00C04F79EFBC}") = "Task14.AsyncEvents", "Task14.AsyncEvents\Task14.AsyncEvents.csproj", "{2DC484EE-0143-4F17-A057-547566CE8647}"
EndProject
Project("{FAE04EC0-301F-11D3-BF4B-00C04F79EFBC}") = "Task15.CancellationHelper", "Task15.CancellationHelper\Task15.CancellationHelper.csproj", "{C537B5A9-DB04-47CC-B5C3-B82551B8D657}"
EndProject
Project("{FAE04EC0-301F-11D3-BF4B-00C04F79EFBC}") = "Task16.WhenAll", "Task16.WhenAll\Task16.WhenAll.csproj", "{9B368209-AB51-4E8F-B72F-4EEDAE2D7345}"
EndProject
Global
	GlobalSection(SolutionConfigurationPlatforms) = preSolution
		Debug|Any CPU = Debug|Any CPU
		Release|Any CPU = Release|Any CPU
	EndGlobalSection
	GlobalSection(ProjectConfigurationPlatforms) = postSolution
		{84736783-5487-4249-B7F7-F402AAB375F4}.Debug|Any CPU.ActiveCfg = Debug|Any CPU
		{84736783-5487-4249-B7F7-F402AAB375F4}.Debug|Any CPU.Build.0 = Debug|Any CPU
		{84736783-5487-4249-B7F7-F402AAB375F4}.Release|Any CPU.ActiveCfg = Release|Any CPU
		{84736783-5487-4249-B7F7-F402AAB375F4}.Release|Any CPU.Build.0 = Release|Any CPU
		{0BD5A280-02E1-42E3-AC04-6C95FD54A382}.Debug|Any CPU.ActiveCfg = Debug|Any CPU
		{0BD5A280-02E1-42E3-AC04-6C95FD54A382}.Debug|Any CPU.Build.0 = Debug|Any CPU
		{0BD5A280-02E1-42E3-AC04-6C95FD54A382}.Release|Any CPU.ActiveCfg = Release|Any CPU
		{0BD5A280-02E1-42E3-AC04-6C95FD54A382}.Release|Any CPU.Build.0 = Release|Any CPU
		{3F915A9B-CD6A-488E-A357-5F1E26523F0F}.Debug|Any CPU.ActiveCfg = Debug|Any CPU
		{3F915A9B-CD6A-488E-A357-5F1E26523F0F}.Debug|Any CPU.Build.0 = Debug|Any CPU
		{3F915A9B-CD6A-488E-A357-5F1E26523F0F}.Release|Any CPU.ActiveCfg = Release|Any CPU
		{3F915A9B-CD6A-488E-A357-5F1E26523F0F}.Release|Any CPU.Build.0 = Release|Any CPU
		{3BD8D27E-3E94-4EAD-AFD0-D41E193A38B8}.Debug|Any CPU.ActiveCfg = Debug|Any CPU
		{3BD8D27E-3E94-4EAD-AFD0-D41E193A38B8}.Debug|Any CPU.Build.0 = Debug|Any CPU
		{3BD8D27E-3E94-4EAD-AFD0-D41E193A38B8}.Release|Any CPU.ActiveCfg = Release|Any CPU
		{3BD8D27E-3E94-4EAD-AFD0-D41E193A38B8}.Release|Any CPU.Build.0 = Release|Any CPU
		{6A6512C3-CDDA-4314-A500-509375DA9A1B}.Debug|Any CPU.ActiveCfg = Debug|Any CPU
		{6A6512C3-CDDA-4314-A500-509375DA9A1B}.Debug|Any CPU.Build.0 = Debug|Any CPU
		{6A6512C3-CDDA-4314-A500-509375DA9A1B}.Release|Any CPU.ActiveCfg = Release|Any CPU
		{6A6512C3-CDDA-4314-A500-509375DA9A1B}.Release|Any CPU.Build.0 = Release|Any CPU
		{4B574801-8232-4A39-9A81-3A43E2493202}.Debug|Any CPU.ActiveCfg = Debug|Any CPU
		{4B574801-8232-4A39-9A81-3A43E2493202}.Debug|Any CPU.Build.0 = Debug|Any CPU
		{4B574801-8232-4A39-9A81-3A43E2493202}.Release|Any CPU.ActiveCfg = Release|Any CPU
		{4B574801-8232-4A39-9A81-3A43E2493202}.Release|Any CPU.Build.0 = Release|Any CPU
		{3ABFDB9E-868A-45B1-BDFF-F0F2BA554BE2}.Debug|Any CPU.ActiveCfg = Debug|Any CPU
		{3ABFDB9E-868A-45B1-BDFF-F0F2BA554BE2}.Debug|Any CPU.Build.0 = Debug|Any CPU
		{3ABFDB9E-868A-45B1-BDFF-F0F2BA554BE2}.Release|Any CPU.ActiveCfg = Release|Any CPU
		{3ABFDB9E-868A-45B1-BDFF-F0F2BA554BE2}.Release|Any CPU.Build.0 = Release|Any CPU
		{2DC484EE-0143-4F17-A057-547566CE8647}.Debug|Any CPU.ActiveCfg = Debug|Any CPU
		{2DC484EE-0143-4F17-A057-547566CE8647}.Debug|Any CPU.Build.0 = Debug|Any CPU
		{2DC484EE-0143-4F17-A057-547566CE8647}.Release|Any CPU.ActiveCfg = Release|Any CPU
		{2DC484EE-0143-4F17-A057-547566CE8647}.Release|Any CPU.Build.0 = Release|Any CPU
		{C537B5A9-DB04-47CC-B5C3-B82551B8D657}.Debug|Any CPU.ActiveCfg = Debug|Any CPU
		{C537B5A9-DB04-47CC-B5C3-B82551B8D657}.Debug|Any CPU.Build.0 = Debug|Any CPU
		{C537B5A9-DB04-47CC-B5C3-B82551B8D657}.Release|Any CPU.ActiveCfg = Release|Any CPU
		{C537B5A9-DB04-47CC-B5C3-B82551B8D657}.Release|Any CPU.Build.0 = Release|Any CPU
		{9B368209-AB51-4E8F-B72F-4EEDAE2D7345}.Debug|Any CPU.ActiveCfg = Debug|Any CPU
		{9B368209-AB51-4E8F-B72F-4EEDAE2D7345}.Debug|Any CPU.Build.0 = Debug|Any CPU
		{9B368209-AB51-4E8F-B72F-4EEDAE2D7345}.Release|Any CPU.ActiveCfg = Release|Any CPU
		{9B368209-AB51-4E8F-B72F-4EEDAE2D7345}.Release|Any CPU.Build.0 = Release|Any CPU
	EndGlobalSection
	GlobalSection(SolutionProperties) = preSolution
		HideSolutionNode = FALSE
	EndGlobalSection
	GlobalSection(ExtensibilityGlobals) = postSolution
		SolutionGuid = {28A3C6E8-F3F8-410D-9889-254DFE99AFC2}
	EndGlobalSection
EndGlobal
