
Microsoft Visual Studio Solution File, Format Version 12.00
# Visual Studio Version 17
VisualStudioVersion = 17.13.35806.99
MinimumVisualStudioVersion = 10.0.40219.1
Project("{FAE04EC0-301F-11D3-BF4B-00C04F79EFBC}") = "Task07.ReplaceLines", "Task07.ReplaceLines\Task07.ReplaceLines.csproj", "{84736783-5487-4249-B7F7-F402AAB375F4}"
EndProject
Project("{FAE04EC0-301F-11D3-BF4B-00C04F79EFBC}") = "Task08.OldAPI", "Task08.OldAPI\Task08.OldAPI.csproj", "{0BD5A280-02E1-42E3-AC04-6C95FD54A382}"
EndProject
Global
	GlobalSection(SolutionConfigurationPlatforms) = preSolution
		Debug|Any CPU = Debug|Any CPU
		Release|Any CPU = Release|Any CPU
	EndGlobalSection
	GlobalSection(ProjectConfigurationPlatforms) = postSolution
		{84736783-5487-4249-B7F7-F402AAB375F4}.Debug|Any CPU.ActiveCfg = Debug|Any CPU
		{84736783-5487-4249-B7F7-F402AAB375F4}.Debug|Any CPU.Build.0 = Debug|Any CPU
		{84736783-5487-4249-B7F7-F402AAB375F4}.Release|Any CPU.ActiveCfg = Release|Any CPU
		{84736783-5487-4249-B7F7-F402AAB375F4}.Release|Any CPU.Build.0 = Release|Any CPU
		{0BD5A280-02E1-42E3-AC04-6C95FD54A382}.Debug|Any CPU.ActiveCfg = Debug|Any CPU
		{0BD5A280-02E1-42E3-AC04-6C95FD54A382}.Debug|Any CPU.Build.0 = Debug|Any CPU
		{0BD5A280-02E1-42E3-AC04-6C95FD54A382}.Release|Any CPU.ActiveCfg = Release|Any CPU
		{0BD5A280-02E1-42E3-AC04-6C95FD54A382}.Release|Any CPU.Build.0 = Release|Any CPU
	EndGlobalSection
	GlobalSection(SolutionProperties) = preSolution
		HideSolutionNode = FALSE
	EndGlobalSection
	GlobalSection(ExtensibilityGlobals) = postSolution
		SolutionGuid = {28A3C6E8-F3F8-410D-9889-254DFE99AFC2}
	EndGlobalSection
EndGlobal
